
Microsoft Visual Studio Solution File, Format Version 12.00
# Visual Studio Version 17
VisualStudioVersion = 17.1.32328.378
MinimumVisualStudioVersion = 10.0.40219.1
Project("{2150E333-8FDC-42A3-9474-1A3956D46DE8}") = "Lab1", "Lab1", "{DCF0DD32-C8A8-481E-9876-606E4D4B9017}"
EndProject
Project("{9A19103F-16F7-4668-BE54-9A1E7A4F7556}") = "Replacer", "Lab1\Replacer\Replacer.csproj", "{2A9FE24E-F1E1-4662-A328-405BD3511BA4}"
EndProject
Project("{9A19103F-16F7-4668-BE54-9A1E7A4F7556}") = "Radix", "Lab1\Radix\Radix.csproj", "{4C58D97C-46D4-41B3-873F-F612F020CFB4}"
EndProject
Project("{8BC9CEB8-8B4A-11D0-8D11-00A0C91BC942}") = "Inverse", "Lab1\Inverse\Inverse.vcxproj", "{C000EEC9-E75D-4807-8E62-FF2941D35B9E}"
EndProject
Project("{2150E333-8FDC-42A3-9474-1A3956D46DE8}") = "Lab2", "Lab2", "{AD15C333-47E4-4395-BB99-DA5A6409728E}"
EndProject
Project("{2150E333-8FDC-42A3-9474-1A3956D46DE8}") = "Tests", "Tests", "{9D644588-88EE-4724-AA67-76D59792DFD9}"
EndProject
Project("{FAE04EC0-301F-11D3-BF4B-00C04F79EFBC}") = "HtmlDecodeTests", "Lab2\Tests\HtmlDecodeTests\HtmlDecodeTests.csproj", "{21027D8C-F48D-45FC-9074-2728985387FC}"
EndProject
Project("{FAE04EC0-301F-11D3-BF4B-00C04F79EFBC}") = "VectorParserTests", "Lab2\Tests\VectorParserTests\VectorParserTests.csproj", "{7CFD0A2B-4C31-4228-A83F-AA815859B5D2}"
EndProject
Project("{FAE04EC0-301F-11D3-BF4B-00C04F79EFBC}") = "VectorParser", "Lab2\VectorParser\VectorParser.csproj", "{4FDA7F52-F6B6-4FDF-82D2-E6C18912BCF4}"
EndProject
Project("{FAE04EC0-301F-11D3-BF4B-00C04F79EFBC}") = "HtmlDecode", "Lab2\HtmlDecode\HtmlDecode.csproj", "{27E0138B-DB7B-4FDA-82D1-21CC523D370C}"
EndProject
Project("{FAE04EC0-301F-11D3-BF4B-00C04F79EFBC}") = "Dictionary", "Lab2\Dictionary\Dictionary.csproj", "{9CAE1C7C-2BE2-4883-87B5-4499083AB119}"
EndProject
Global
	GlobalSection(SolutionConfigurationPlatforms) = preSolution
		Debug|Any CPU = Debug|Any CPU
		Release|Any CPU = Release|Any CPU
	EndGlobalSection
	GlobalSection(ProjectConfigurationPlatforms) = postSolution
		{2A9FE24E-F1E1-4662-A328-405BD3511BA4}.Debug|Any CPU.ActiveCfg = Debug|Any CPU
		{2A9FE24E-F1E1-4662-A328-405BD3511BA4}.Debug|Any CPU.Build.0 = Debug|Any CPU
		{2A9FE24E-F1E1-4662-A328-405BD3511BA4}.Release|Any CPU.ActiveCfg = Release|Any CPU
		{2A9FE24E-F1E1-4662-A328-405BD3511BA4}.Release|Any CPU.Build.0 = Release|Any CPU
		{4C58D97C-46D4-41B3-873F-F612F020CFB4}.Debug|Any CPU.ActiveCfg = Debug|Any CPU
		{4C58D97C-46D4-41B3-873F-F612F020CFB4}.Debug|Any CPU.Build.0 = Debug|Any CPU
		{4C58D97C-46D4-41B3-873F-F612F020CFB4}.Release|Any CPU.ActiveCfg = Release|Any CPU
		{4C58D97C-46D4-41B3-873F-F612F020CFB4}.Release|Any CPU.Build.0 = Release|Any CPU
		{C000EEC9-E75D-4807-8E62-FF2941D35B9E}.Debug|Any CPU.ActiveCfg = Debug|Win32
		{C000EEC9-E75D-4807-8E62-FF2941D35B9E}.Debug|Any CPU.Build.0 = Debug|Win32
		{C000EEC9-E75D-4807-8E62-FF2941D35B9E}.Release|Any CPU.ActiveCfg = Release|Win32
		{C000EEC9-E75D-4807-8E62-FF2941D35B9E}.Release|Any CPU.Build.0 = Release|Win32
		{21027D8C-F48D-45FC-9074-2728985387FC}.Debug|Any CPU.ActiveCfg = Debug|Any CPU
		{21027D8C-F48D-45FC-9074-2728985387FC}.Debug|Any CPU.Build.0 = Debug|Any CPU
		{21027D8C-F48D-45FC-9074-2728985387FC}.Release|Any CPU.ActiveCfg = Release|Any CPU
		{21027D8C-F48D-45FC-9074-2728985387FC}.Release|Any CPU.Build.0 = Release|Any CPU
		{7CFD0A2B-4C31-4228-A83F-AA815859B5D2}.Debug|Any CPU.ActiveCfg = Debug|Any CPU
		{7CFD0A2B-4C31-4228-A83F-AA815859B5D2}.Debug|Any CPU.Build.0 = Debug|Any CPU
		{7CFD0A2B-4C31-4228-A83F-AA815859B5D2}.Release|Any CPU.ActiveCfg = Release|Any CPU
		{7CFD0A2B-4C31-4228-A83F-AA815859B5D2}.Release|Any CPU.Build.0 = Release|Any CPU
		{4FDA7F52-F6B6-4FDF-82D2-E6C18912BCF4}.Debug|Any CPU.ActiveCfg = Debug|Any CPU
		{4FDA7F52-F6B6-4FDF-82D2-E6C18912BCF4}.Debug|Any CPU.Build.0 = Debug|Any CPU
		{4FDA7F52-F6B6-4FDF-82D2-E6C18912BCF4}.Release|Any CPU.ActiveCfg = Release|Any CPU
		{4FDA7F52-F6B6-4FDF-82D2-E6C18912BCF4}.Release|Any CPU.Build.0 = Release|Any CPU
		{27E0138B-DB7B-4FDA-82D1-21CC523D370C}.Debug|Any CPU.ActiveCfg = Debug|Any CPU
		{27E0138B-DB7B-4FDA-82D1-21CC523D370C}.Debug|Any CPU.Build.0 = Debug|Any CPU
		{27E0138B-DB7B-4FDA-82D1-21CC523D370C}.Release|Any CPU.ActiveCfg = Release|Any CPU
		{27E0138B-DB7B-4FDA-82D1-21CC523D370C}.Release|Any CPU.Build.0 = Release|Any CPU
		{9CAE1C7C-2BE2-4883-87B5-4499083AB119}.Debug|Any CPU.ActiveCfg = Debug|Any CPU
		{9CAE1C7C-2BE2-4883-87B5-4499083AB119}.Debug|Any CPU.Build.0 = Debug|Any CPU
		{9CAE1C7C-2BE2-4883-87B5-4499083AB119}.Release|Any CPU.ActiveCfg = Release|Any CPU
		{9CAE1C7C-2BE2-4883-87B5-4499083AB119}.Release|Any CPU.Build.0 = Release|Any CPU
	EndGlobalSection
	GlobalSection(SolutionProperties) = preSolution
		HideSolutionNode = FALSE
	EndGlobalSection
	GlobalSection(NestedProjects) = preSolution
		{2A9FE24E-F1E1-4662-A328-405BD3511BA4} = {DCF0DD32-C8A8-481E-9876-606E4D4B9017}
		{4C58D97C-46D4-41B3-873F-F612F020CFB4} = {DCF0DD32-C8A8-481E-9876-606E4D4B9017}
		{C000EEC9-E75D-4807-8E62-FF2941D35B9E} = {DCF0DD32-C8A8-481E-9876-606E4D4B9017}
		{9D644588-88EE-4724-AA67-76D59792DFD9} = {AD15C333-47E4-4395-BB99-DA5A6409728E}
		{21027D8C-F48D-45FC-9074-2728985387FC} = {9D644588-88EE-4724-AA67-76D59792DFD9}
		{7CFD0A2B-4C31-4228-A83F-AA815859B5D2} = {9D644588-88EE-4724-AA67-76D59792DFD9}
		{4FDA7F52-F6B6-4FDF-82D2-E6C18912BCF4} = {AD15C333-47E4-4395-BB99-DA5A6409728E}
		{27E0138B-DB7B-4FDA-82D1-21CC523D370C} = {AD15C333-47E4-4395-BB99-DA5A6409728E}
		{9CAE1C7C-2BE2-4883-87B5-4499083AB119} = {AD15C333-47E4-4395-BB99-DA5A6409728E}
	EndGlobalSection
	GlobalSection(ExtensibilityGlobals) = postSolution
		SolutionGuid = {9685922C-C650-486F-822C-A0E97C67D1AB}
	EndGlobalSection
EndGlobal
