
Microsoft Visual Studio Solution File, Format Version 12.00
# Visual Studio Version 17
VisualStudioVersion = 17.1.32328.378
MinimumVisualStudioVersion = 10.0.40219.1
Project("{2150E333-8FDC-42A3-9474-1A3956D46DE8}") = "Lab1", "Lab1", "{DCF0DD32-C8A8-481E-9876-606E4D4B9017}"
EndProject
Project("{9A19103F-16F7-4668-BE54-9A1E7A4F7556}") = "Replacer", "Lab1\Replacer\Replacer.csproj", "{2A9FE24E-F1E1-4662-A328-405BD3511BA4}"
EndProject
Project("{9A19103F-16F7-4668-BE54-9A1E7A4F7556}") = "Radix", "Lab1\Radix\Radix.csproj", "{4C58D97C-46D4-41B3-873F-F612F020CFB4}"
EndProject
Project("{8BC9CEB8-8B4A-11D0-8D11-00A0C91BC942}") = "Inverse", "Lab1\Inverse\Inverse.vcxproj", "{C000EEC9-E75D-4807-8E62-FF2941D35B9E}"
EndProject
Project("{2150E333-8FDC-42A3-9474-1A3956D46DE8}") = "Lab2", "Lab2", "{AD15C333-47E4-4395-BB99-DA5A6409728E}"
EndProject
Project("{2150E333-8FDC-42A3-9474-1A3956D46DE8}") = "Tests", "Tests", "{9D644588-88EE-4724-AA67-76D59792DFD9}"
EndProject
Project("{FAE04EC0-301F-11D3-BF4B-00C04F79EFBC}") = "HtmlDecodeTests", "Lab2\Tests\HtmlDecodeTests\HtmlDecodeTests.csproj", "{21027D8C-F48D-45FC-9074-2728985387FC}"
EndProject
Project("{FAE04EC0-301F-11D3-BF4B-00C04F79EFBC}") = "VectorParserTests", "Lab2\Tests\VectorParserTests\VectorParserTests.csproj", "{7CFD0A2B-4C31-4228-A83F-AA815859B5D2}"
EndProject
Project("{FAE04EC0-301F-11D3-BF4B-00C04F79EFBC}") = "VectorParser", "Lab2\VectorParser\VectorParser.csproj", "{4FDA7F52-F6B6-4FDF-82D2-E6C18912BCF4}"
EndProject
Project("{FAE04EC0-301F-11D3-BF4B-00C04F79EFBC}") = "HtmlDecode", "Lab2\HtmlDecode\HtmlDecode.csproj", "{27E0138B-DB7B-4FDA-82D1-21CC523D370C}"
EndProject
Project("{FAE04EC0-301F-11D3-BF4B-00C04F79EFBC}") = "Dictionary", "Lab2\Dictionary\Dictionary.csproj", "{9CAE1C7C-2BE2-4883-87B5-4499083AB119}"
EndProject
Project("{FAE04EC0-301F-11D3-BF4B-00C04F79EFBC}") = "DictionaryApplicationTests", "Lab2\Tests\DictionaryApplicationTests\DictionaryApplicationTests.csproj", "{12DFE281-AB3A-4EEF-AB78-368214188E76}"
EndProject
Project("{FAE04EC0-301F-11D3-BF4B-00C04F79EFBC}") = "PrimeNumbersGenerator", "Lab2\PrimeNumbersGenerator\PrimeNumbersGenerator.csproj", "{77E5E461-DD34-4576-971D-237BBE42AEC7}"
EndProject
Project("{FAE04EC0-301F-11D3-BF4B-00C04F79EFBC}") = "PrimeNumbersGeneratorTests", "Lab2\Tests\PrimeNumbersGeneratorTests\PrimeNumbersGeneratorTests.csproj", "{69643029-A8AC-4F08-8018-69505892F442}"
EndProject
Project("{2150E333-8FDC-42A3-9474-1A3956D46DE8}") = "Lab3", "Lab3", "{97669EA4-53BA-453C-AEE1-46190913F1D4}"
EndProject
Project("{FAE04EC0-301F-11D3-BF4B-00C04F79EFBC}") = "RendererApplication", "Lab3\RendererApplication\RendererApplication.csproj", "{CB0A9D2E-1785-47AB-A560-96F5CB9F9E64}"
EndProject
Project("{2150E333-8FDC-42A3-9474-1A3956D46DE8}") = "Tests", "Tests", "{00CFF8E1-95CE-4B54-AEE7-CA463DA290D1}"
EndProject
Project("{2150E333-8FDC-42A3-9474-1A3956D46DE8}") = "Lab4", "Lab4", "{C12B758D-2227-44B6-AD3A-2E8D5A05042E}"
EndProject
Project("{FAE04EC0-301F-11D3-BF4B-00C04F79EFBC}") = "Renderer", "Lab3\Renderer\Renderer.csproj", "{F877BC68-5AEA-4A83-A870-FA5D4A2B48E3}"
EndProject
Project("{FAE04EC0-301F-11D3-BF4B-00C04F79EFBC}") = "RendererTests", "Lab3\Tests\RendererTests\RendererTests.csproj", "{83BE1AB0-17BD-407A-97CA-C6840ED3E30B}"
EndProject
Project("{FAE04EC0-301F-11D3-BF4B-00C04F79EFBC}") = "Renderer", "Lab4\Renderer\Renderer.csproj", "{0D54BD8F-1337-4DCD-B7D2-B55DC1A413C8}"
EndProject
Project("{2150E333-8FDC-42A3-9474-1A3956D46DE8}") = "Tests", "Tests", "{9D0D90F3-B944-4080-8F2F-D9F0CBB95597}"
EndProject
Project("{FAE04EC0-301F-11D3-BF4B-00C04F79EFBC}") = "RendererTests", "Lab4\Tests\RendererTests\RendererTests.csproj", "{1E60278D-758A-4620-BAAB-A819A512277E}"
EndProject
Project("{FAE04EC0-301F-11D3-BF4B-00C04F79EFBC}") = "RendererApplication", "Lab4\RendererApplication\RendererApplication.csproj", "{C5A4FFA7-75F5-4DE4-92BF-22AE236337D8}"
EndProject
Project("{FAE04EC0-301F-11D3-BF4B-00C04F79EFBC}") = "RendererApplicationTests", "Lab4\Tests\RendererApplicationTests\RendererApplicationTests.csproj", "{FC4B8AF6-FD36-41FF-A2BD-19B92433DEC4}"
EndProject
Project("{2150E333-8FDC-42A3-9474-1A3956D46DE8}") = "Lab5", "Lab5", "{FD6657DE-AC4A-4574-9904-5C6A2E8F0407}"
EndProject
Project("{FAE04EC0-301F-11D3-BF4B-00C04F79EFBC}") = "Date", "Lab5\Date\Date.csproj", "{8A30BFA6-EE25-4100-BB35-E157410DFFE7}"
EndProject
Project("{2150E333-8FDC-42A3-9474-1A3956D46DE8}") = "Tests", "Tests", "{B7C0CD26-2260-4892-84DA-FF524A425E7E}"
EndProject
Project("{FAE04EC0-301F-11D3-BF4B-00C04F79EFBC}") = "Date.Tests", "Lab5\Tests\Date.Tests\Date.Tests.csproj", "{4489A3AB-A784-4207-ACA1-4449F5E838A3}"
EndProject
Project("{2150E333-8FDC-42A3-9474-1A3956D46DE8}") = "Lab6", "Lab6", "{B6DB90F9-4845-4D91-B924-81CFC23995C1}"
	ProjectSection(SolutionItems) = preProject
		Lab6\lab06.docx = Lab6\lab06.docx
	EndProjectSection
EndProject
Project("{2150E333-8FDC-42A3-9474-1A3956D46DE8}") = "Tests", "Tests", "{431933FE-839D-48C1-A6D0-D01B29A3C048}"
EndProject
Project("{FAE04EC0-301F-11D3-BF4B-00C04F79EFBC}") = "HttpUrlTask", "Lab6\HttpUrlTask\HttpUrlTask.csproj", "{CD115945-3FEE-4756-99FC-87C0368396DB}"
EndProject
Project("{FAE04EC0-301F-11D3-BF4B-00C04F79EFBC}") = "HttpUrlTests", "Lab6\Tests\HttpUrlTests\HttpUrlTests.csproj", "{236B0424-33FC-47BB-BDE4-29D31B10A7FB}"
EndProject
Project("{2150E333-8FDC-42A3-9474-1A3956D46DE8}") = "Lab7", "Lab7", "{674B6429-F593-462B-A72C-25CF88835C94}"
	ProjectSection(SolutionItems) = preProject
		Lab7\lab07.docx = Lab7\lab07.docx
	EndProjectSection
EndProject
Project("{FAE04EC0-301F-11D3-BF4B-00C04F79EFBC}") = "MyListTask", "Lab7\MyListTask\MyListTask.csproj", "{1945A39B-BF46-48F1-8C4F-D9066D2271C0}"
EndProject
Project("{2150E333-8FDC-42A3-9474-1A3956D46DE8}") = "Tests", "Tests", "{E396D5D1-5A2F-4212-A006-F1EAF5FAAE61}"
EndProject
Project("{FAE04EC0-301F-11D3-BF4B-00C04F79EFBC}") = "MyListTests", "Lab7\Tests\MyListTests\MyListTests.csproj", "{8BD9AFC4-EFAC-4EC4-BCDE-023E6DABB8B5}"
EndProject
Project("{FAE04EC0-301F-11D3-BF4B-00C04F79EFBC}") = "MyListTask.Console", "Lab7\MyListTask.Console\MyListTask.Console.csproj", "{5E98A21B-D27C-459F-9D44-8FA04CBD3633}"
EndProject
Project("{8BC9CEB8-8B4A-11D0-8D11-00A0C91BC942}") = "FindMaxTask", "Lab7\Tests\FindMaxTask\FindMaxTask.vcxproj", "{37047877-0E7A-4C5C-852C-1C30C62A118E}"
EndProject
Global
	GlobalSection(SolutionConfigurationPlatforms) = preSolution
		Debug|Any CPU = Debug|Any CPU
		Release|Any CPU = Release|Any CPU
	EndGlobalSection
	GlobalSection(ProjectConfigurationPlatforms) = postSolution
		{2A9FE24E-F1E1-4662-A328-405BD3511BA4}.Debug|Any CPU.ActiveCfg = Debug|Any CPU
		{2A9FE24E-F1E1-4662-A328-405BD3511BA4}.Debug|Any CPU.Build.0 = Debug|Any CPU
		{2A9FE24E-F1E1-4662-A328-405BD3511BA4}.Release|Any CPU.ActiveCfg = Release|Any CPU
		{2A9FE24E-F1E1-4662-A328-405BD3511BA4}.Release|Any CPU.Build.0 = Release|Any CPU
		{4C58D97C-46D4-41B3-873F-F612F020CFB4}.Debug|Any CPU.ActiveCfg = Debug|Any CPU
		{4C58D97C-46D4-41B3-873F-F612F020CFB4}.Debug|Any CPU.Build.0 = Debug|Any CPU
		{4C58D97C-46D4-41B3-873F-F612F020CFB4}.Release|Any CPU.ActiveCfg = Release|Any CPU
		{4C58D97C-46D4-41B3-873F-F612F020CFB4}.Release|Any CPU.Build.0 = Release|Any CPU
		{C000EEC9-E75D-4807-8E62-FF2941D35B9E}.Debug|Any CPU.ActiveCfg = Debug|Win32
		{C000EEC9-E75D-4807-8E62-FF2941D35B9E}.Debug|Any CPU.Build.0 = Debug|Win32
		{C000EEC9-E75D-4807-8E62-FF2941D35B9E}.Release|Any CPU.ActiveCfg = Release|Win32
		{C000EEC9-E75D-4807-8E62-FF2941D35B9E}.Release|Any CPU.Build.0 = Release|Win32
		{21027D8C-F48D-45FC-9074-2728985387FC}.Debug|Any CPU.ActiveCfg = Debug|Any CPU
		{21027D8C-F48D-45FC-9074-2728985387FC}.Debug|Any CPU.Build.0 = Debug|Any CPU
		{21027D8C-F48D-45FC-9074-2728985387FC}.Release|Any CPU.ActiveCfg = Release|Any CPU
		{21027D8C-F48D-45FC-9074-2728985387FC}.Release|Any CPU.Build.0 = Release|Any CPU
		{7CFD0A2B-4C31-4228-A83F-AA815859B5D2}.Debug|Any CPU.ActiveCfg = Debug|Any CPU
		{7CFD0A2B-4C31-4228-A83F-AA815859B5D2}.Debug|Any CPU.Build.0 = Debug|Any CPU
		{7CFD0A2B-4C31-4228-A83F-AA815859B5D2}.Release|Any CPU.ActiveCfg = Release|Any CPU
		{7CFD0A2B-4C31-4228-A83F-AA815859B5D2}.Release|Any CPU.Build.0 = Release|Any CPU
		{4FDA7F52-F6B6-4FDF-82D2-E6C18912BCF4}.Debug|Any CPU.ActiveCfg = Debug|Any CPU
		{4FDA7F52-F6B6-4FDF-82D2-E6C18912BCF4}.Debug|Any CPU.Build.0 = Debug|Any CPU
		{4FDA7F52-F6B6-4FDF-82D2-E6C18912BCF4}.Release|Any CPU.ActiveCfg = Release|Any CPU
		{4FDA7F52-F6B6-4FDF-82D2-E6C18912BCF4}.Release|Any CPU.Build.0 = Release|Any CPU
		{27E0138B-DB7B-4FDA-82D1-21CC523D370C}.Debug|Any CPU.ActiveCfg = Debug|Any CPU
		{27E0138B-DB7B-4FDA-82D1-21CC523D370C}.Debug|Any CPU.Build.0 = Debug|Any CPU
		{27E0138B-DB7B-4FDA-82D1-21CC523D370C}.Release|Any CPU.ActiveCfg = Release|Any CPU
		{27E0138B-DB7B-4FDA-82D1-21CC523D370C}.Release|Any CPU.Build.0 = Release|Any CPU
		{9CAE1C7C-2BE2-4883-87B5-4499083AB119}.Debug|Any CPU.ActiveCfg = Debug|Any CPU
		{9CAE1C7C-2BE2-4883-87B5-4499083AB119}.Debug|Any CPU.Build.0 = Debug|Any CPU
		{9CAE1C7C-2BE2-4883-87B5-4499083AB119}.Release|Any CPU.ActiveCfg = Release|Any CPU
		{9CAE1C7C-2BE2-4883-87B5-4499083AB119}.Release|Any CPU.Build.0 = Release|Any CPU
		{12DFE281-AB3A-4EEF-AB78-368214188E76}.Debug|Any CPU.ActiveCfg = Debug|Any CPU
		{12DFE281-AB3A-4EEF-AB78-368214188E76}.Debug|Any CPU.Build.0 = Debug|Any CPU
		{12DFE281-AB3A-4EEF-AB78-368214188E76}.Release|Any CPU.ActiveCfg = Release|Any CPU
		{12DFE281-AB3A-4EEF-AB78-368214188E76}.Release|Any CPU.Build.0 = Release|Any CPU
		{77E5E461-DD34-4576-971D-237BBE42AEC7}.Debug|Any CPU.ActiveCfg = Debug|Any CPU
		{77E5E461-DD34-4576-971D-237BBE42AEC7}.Debug|Any CPU.Build.0 = Debug|Any CPU
		{77E5E461-DD34-4576-971D-237BBE42AEC7}.Release|Any CPU.ActiveCfg = Release|Any CPU
		{77E5E461-DD34-4576-971D-237BBE42AEC7}.Release|Any CPU.Build.0 = Release|Any CPU
		{69643029-A8AC-4F08-8018-69505892F442}.Debug|Any CPU.ActiveCfg = Debug|Any CPU
		{69643029-A8AC-4F08-8018-69505892F442}.Debug|Any CPU.Build.0 = Debug|Any CPU
		{69643029-A8AC-4F08-8018-69505892F442}.Release|Any CPU.ActiveCfg = Release|Any CPU
		{69643029-A8AC-4F08-8018-69505892F442}.Release|Any CPU.Build.0 = Release|Any CPU
		{CB0A9D2E-1785-47AB-A560-96F5CB9F9E64}.Debug|Any CPU.ActiveCfg = Debug|Any CPU
		{CB0A9D2E-1785-47AB-A560-96F5CB9F9E64}.Debug|Any CPU.Build.0 = Debug|Any CPU
		{CB0A9D2E-1785-47AB-A560-96F5CB9F9E64}.Release|Any CPU.ActiveCfg = Release|Any CPU
		{CB0A9D2E-1785-47AB-A560-96F5CB9F9E64}.Release|Any CPU.Build.0 = Release|Any CPU
		{F877BC68-5AEA-4A83-A870-FA5D4A2B48E3}.Debug|Any CPU.ActiveCfg = Debug|Any CPU
		{F877BC68-5AEA-4A83-A870-FA5D4A2B48E3}.Debug|Any CPU.Build.0 = Debug|Any CPU
		{F877BC68-5AEA-4A83-A870-FA5D4A2B48E3}.Release|Any CPU.ActiveCfg = Release|Any CPU
		{F877BC68-5AEA-4A83-A870-FA5D4A2B48E3}.Release|Any CPU.Build.0 = Release|Any CPU
		{83BE1AB0-17BD-407A-97CA-C6840ED3E30B}.Debug|Any CPU.ActiveCfg = Debug|Any CPU
		{83BE1AB0-17BD-407A-97CA-C6840ED3E30B}.Debug|Any CPU.Build.0 = Debug|Any CPU
		{83BE1AB0-17BD-407A-97CA-C6840ED3E30B}.Release|Any CPU.ActiveCfg = Release|Any CPU
		{83BE1AB0-17BD-407A-97CA-C6840ED3E30B}.Release|Any CPU.Build.0 = Release|Any CPU
		{0D54BD8F-1337-4DCD-B7D2-B55DC1A413C8}.Debug|Any CPU.ActiveCfg = Debug|Any CPU
		{0D54BD8F-1337-4DCD-B7D2-B55DC1A413C8}.Debug|Any CPU.Build.0 = Debug|Any CPU
		{0D54BD8F-1337-4DCD-B7D2-B55DC1A413C8}.Release|Any CPU.ActiveCfg = Release|Any CPU
		{0D54BD8F-1337-4DCD-B7D2-B55DC1A413C8}.Release|Any CPU.Build.0 = Release|Any CPU
		{1E60278D-758A-4620-BAAB-A819A512277E}.Debug|Any CPU.ActiveCfg = Debug|Any CPU
		{1E60278D-758A-4620-BAAB-A819A512277E}.Debug|Any CPU.Build.0 = Debug|Any CPU
		{1E60278D-758A-4620-BAAB-A819A512277E}.Release|Any CPU.ActiveCfg = Release|Any CPU
		{1E60278D-758A-4620-BAAB-A819A512277E}.Release|Any CPU.Build.0 = Release|Any CPU
		{C5A4FFA7-75F5-4DE4-92BF-22AE236337D8}.Debug|Any CPU.ActiveCfg = Debug|Any CPU
		{C5A4FFA7-75F5-4DE4-92BF-22AE236337D8}.Debug|Any CPU.Build.0 = Debug|Any CPU
		{C5A4FFA7-75F5-4DE4-92BF-22AE236337D8}.Release|Any CPU.ActiveCfg = Release|Any CPU
		{C5A4FFA7-75F5-4DE4-92BF-22AE236337D8}.Release|Any CPU.Build.0 = Release|Any CPU
		{FC4B8AF6-FD36-41FF-A2BD-19B92433DEC4}.Debug|Any CPU.ActiveCfg = Debug|Any CPU
		{FC4B8AF6-FD36-41FF-A2BD-19B92433DEC4}.Debug|Any CPU.Build.0 = Debug|Any CPU
		{FC4B8AF6-FD36-41FF-A2BD-19B92433DEC4}.Release|Any CPU.ActiveCfg = Release|Any CPU
		{FC4B8AF6-FD36-41FF-A2BD-19B92433DEC4}.Release|Any CPU.Build.0 = Release|Any CPU
		{8A30BFA6-EE25-4100-BB35-E157410DFFE7}.Debug|Any CPU.ActiveCfg = Debug|Any CPU
		{8A30BFA6-EE25-4100-BB35-E157410DFFE7}.Debug|Any CPU.Build.0 = Debug|Any CPU
		{8A30BFA6-EE25-4100-BB35-E157410DFFE7}.Release|Any CPU.ActiveCfg = Release|Any CPU
		{8A30BFA6-EE25-4100-BB35-E157410DFFE7}.Release|Any CPU.Build.0 = Release|Any CPU
		{4489A3AB-A784-4207-ACA1-4449F5E838A3}.Debug|Any CPU.ActiveCfg = Debug|Any CPU
		{4489A3AB-A784-4207-ACA1-4449F5E838A3}.Debug|Any CPU.Build.0 = Debug|Any CPU
		{4489A3AB-A784-4207-ACA1-4449F5E838A3}.Release|Any CPU.ActiveCfg = Release|Any CPU
		{4489A3AB-A784-4207-ACA1-4449F5E838A3}.Release|Any CPU.Build.0 = Release|Any CPU
		{CD115945-3FEE-4756-99FC-87C0368396DB}.Debug|Any CPU.ActiveCfg = Debug|Any CPU
		{CD115945-3FEE-4756-99FC-87C0368396DB}.Debug|Any CPU.Build.0 = Debug|Any CPU
		{CD115945-3FEE-4756-99FC-87C0368396DB}.Release|Any CPU.ActiveCfg = Release|Any CPU
		{CD115945-3FEE-4756-99FC-87C0368396DB}.Release|Any CPU.Build.0 = Release|Any CPU
		{236B0424-33FC-47BB-BDE4-29D31B10A7FB}.Debug|Any CPU.ActiveCfg = Debug|Any CPU
		{236B0424-33FC-47BB-BDE4-29D31B10A7FB}.Debug|Any CPU.Build.0 = Debug|Any CPU
		{236B0424-33FC-47BB-BDE4-29D31B10A7FB}.Release|Any CPU.ActiveCfg = Release|Any CPU
		{236B0424-33FC-47BB-BDE4-29D31B10A7FB}.Release|Any CPU.Build.0 = Release|Any CPU
		{1945A39B-BF46-48F1-8C4F-D9066D2271C0}.Debug|Any CPU.ActiveCfg = Debug|Any CPU
		{1945A39B-BF46-48F1-8C4F-D9066D2271C0}.Debug|Any CPU.Build.0 = Debug|Any CPU
		{1945A39B-BF46-48F1-8C4F-D9066D2271C0}.Release|Any CPU.ActiveCfg = Release|Any CPU
		{1945A39B-BF46-48F1-8C4F-D9066D2271C0}.Release|Any CPU.Build.0 = Release|Any CPU
		{8BD9AFC4-EFAC-4EC4-BCDE-023E6DABB8B5}.Debug|Any CPU.ActiveCfg = Debug|Any CPU
		{8BD9AFC4-EFAC-4EC4-BCDE-023E6DABB8B5}.Debug|Any CPU.Build.0 = Debug|Any CPU
		{8BD9AFC4-EFAC-4EC4-BCDE-023E6DABB8B5}.Release|Any CPU.ActiveCfg = Release|Any CPU
		{8BD9AFC4-EFAC-4EC4-BCDE-023E6DABB8B5}.Release|Any CPU.Build.0 = Release|Any CPU
		{5E98A21B-D27C-459F-9D44-8FA04CBD3633}.Debug|Any CPU.ActiveCfg = Debug|Any CPU
		{5E98A21B-D27C-459F-9D44-8FA04CBD3633}.Debug|Any CPU.Build.0 = Debug|Any CPU
		{5E98A21B-D27C-459F-9D44-8FA04CBD3633}.Release|Any CPU.ActiveCfg = Release|Any CPU
		{5E98A21B-D27C-459F-9D44-8FA04CBD3633}.Release|Any CPU.Build.0 = Release|Any CPU
		{37047877-0E7A-4C5C-852C-1C30C62A118E}.Debug|Any CPU.ActiveCfg = Debug|Win32
		{37047877-0E7A-4C5C-852C-1C30C62A118E}.Debug|Any CPU.Build.0 = Debug|Win32
		{37047877-0E7A-4C5C-852C-1C30C62A118E}.Release|Any CPU.ActiveCfg = Release|Win32
		{37047877-0E7A-4C5C-852C-1C30C62A118E}.Release|Any CPU.Build.0 = Release|Win32
	EndGlobalSection
	GlobalSection(SolutionProperties) = preSolution
		HideSolutionNode = FALSE
	EndGlobalSection
	GlobalSection(NestedProjects) = preSolution
		{2A9FE24E-F1E1-4662-A328-405BD3511BA4} = {DCF0DD32-C8A8-481E-9876-606E4D4B9017}
		{4C58D97C-46D4-41B3-873F-F612F020CFB4} = {DCF0DD32-C8A8-481E-9876-606E4D4B9017}
		{C000EEC9-E75D-4807-8E62-FF2941D35B9E} = {DCF0DD32-C8A8-481E-9876-606E4D4B9017}
		{9D644588-88EE-4724-AA67-76D59792DFD9} = {AD15C333-47E4-4395-BB99-DA5A6409728E}
		{21027D8C-F48D-45FC-9074-2728985387FC} = {9D644588-88EE-4724-AA67-76D59792DFD9}
		{7CFD0A2B-4C31-4228-A83F-AA815859B5D2} = {9D644588-88EE-4724-AA67-76D59792DFD9}
		{4FDA7F52-F6B6-4FDF-82D2-E6C18912BCF4} = {AD15C333-47E4-4395-BB99-DA5A6409728E}
		{27E0138B-DB7B-4FDA-82D1-21CC523D370C} = {AD15C333-47E4-4395-BB99-DA5A6409728E}
		{9CAE1C7C-2BE2-4883-87B5-4499083AB119} = {AD15C333-47E4-4395-BB99-DA5A6409728E}
		{12DFE281-AB3A-4EEF-AB78-368214188E76} = {9D644588-88EE-4724-AA67-76D59792DFD9}
		{77E5E461-DD34-4576-971D-237BBE42AEC7} = {AD15C333-47E4-4395-BB99-DA5A6409728E}
		{69643029-A8AC-4F08-8018-69505892F442} = {9D644588-88EE-4724-AA67-76D59792DFD9}
		{CB0A9D2E-1785-47AB-A560-96F5CB9F9E64} = {97669EA4-53BA-453C-AEE1-46190913F1D4}
		{00CFF8E1-95CE-4B54-AEE7-CA463DA290D1} = {97669EA4-53BA-453C-AEE1-46190913F1D4}
		{F877BC68-5AEA-4A83-A870-FA5D4A2B48E3} = {97669EA4-53BA-453C-AEE1-46190913F1D4}
		{83BE1AB0-17BD-407A-97CA-C6840ED3E30B} = {00CFF8E1-95CE-4B54-AEE7-CA463DA290D1}
		{0D54BD8F-1337-4DCD-B7D2-B55DC1A413C8} = {C12B758D-2227-44B6-AD3A-2E8D5A05042E}
		{9D0D90F3-B944-4080-8F2F-D9F0CBB95597} = {C12B758D-2227-44B6-AD3A-2E8D5A05042E}
		{1E60278D-758A-4620-BAAB-A819A512277E} = {9D0D90F3-B944-4080-8F2F-D9F0CBB95597}
		{C5A4FFA7-75F5-4DE4-92BF-22AE236337D8} = {C12B758D-2227-44B6-AD3A-2E8D5A05042E}
		{FC4B8AF6-FD36-41FF-A2BD-19B92433DEC4} = {9D0D90F3-B944-4080-8F2F-D9F0CBB95597}
		{8A30BFA6-EE25-4100-BB35-E157410DFFE7} = {FD6657DE-AC4A-4574-9904-5C6A2E8F0407}
		{B7C0CD26-2260-4892-84DA-FF524A425E7E} = {FD6657DE-AC4A-4574-9904-5C6A2E8F0407}
		{4489A3AB-A784-4207-ACA1-4449F5E838A3} = {B7C0CD26-2260-4892-84DA-FF524A425E7E}
		{431933FE-839D-48C1-A6D0-D01B29A3C048} = {B6DB90F9-4845-4D91-B924-81CFC23995C1}
		{CD115945-3FEE-4756-99FC-87C0368396DB} = {B6DB90F9-4845-4D91-B924-81CFC23995C1}
		{236B0424-33FC-47BB-BDE4-29D31B10A7FB} = {431933FE-839D-48C1-A6D0-D01B29A3C048}
		{1945A39B-BF46-48F1-8C4F-D9066D2271C0} = {674B6429-F593-462B-A72C-25CF88835C94}
		{E396D5D1-5A2F-4212-A006-F1EAF5FAAE61} = {674B6429-F593-462B-A72C-25CF88835C94}
		{8BD9AFC4-EFAC-4EC4-BCDE-023E6DABB8B5} = {E396D5D1-5A2F-4212-A006-F1EAF5FAAE61}
		{5E98A21B-D27C-459F-9D44-8FA04CBD3633} = {674B6429-F593-462B-A72C-25CF88835C94}
		{37047877-0E7A-4C5C-852C-1C30C62A118E} = {E396D5D1-5A2F-4212-A006-F1EAF5FAAE61}
	EndGlobalSection
	GlobalSection(ExtensibilityGlobals) = postSolution
		SolutionGuid = {9685922C-C650-486F-822C-A0E97C67D1AB}
	EndGlobalSection
EndGlobal
